// !$*UTF8*$!
{
	archiveVersion = 1;
	classes = {
	};
	objectVersion = 46;
	objects = {

/* Begin PBXBuildFile section */
		1A378EA11E92073300528394 /* Person.swift in Sources */ = {isa = PBXBuildFile; fileRef = 1A378EA01E92073300528394 /* Person.swift */; };
		1A3A8DF31E911B7F00B5119A /* AppDelegate.swift in Sources */ = {isa = PBXBuildFile; fileRef = 1A3A8DF21E911B7F00B5119A /* AppDelegate.swift */; };
		1A3A8DF51E911B7F00B5119A /* ViewController.swift in Sources */ = {isa = PBXBuildFile; fileRef = 1A3A8DF41E911B7F00B5119A /* ViewController.swift */; };
		1A3A8DF81E911B7F00B5119A /* Main.storyboard in Resources */ = {isa = PBXBuildFile; fileRef = 1A3A8DF61E911B7F00B5119A /* Main.storyboard */; };
		1A3A8DFA1E911B7F00B5119A /* Assets.xcassets in Resources */ = {isa = PBXBuildFile; fileRef = 1A3A8DF91E911B7F00B5119A /* Assets.xcassets */; };
		1A3A8DFD1E911B7F00B5119A /* LaunchScreen.storyboard in Resources */ = {isa = PBXBuildFile; fileRef = 1A3A8DFB1E911B7F00B5119A /* LaunchScreen.storyboard */; };
/* End PBXBuildFile section */

/* Begin PBXFileReference section */
		1A378EA01E92073300528394 /* Person.swift */ = {isa = PBXFileReference; fileEncoding = 4; lastKnownFileType = sourcecode.swift; path = Person.swift; sourceTree = "<group>"; };
		1A3A8DEF1E911B7F00B5119A /* Swift Statement.app */ = {isa = PBXFileReference; explicitFileType = wrapper.application; includeInIndex = 0; path = "Swift Statement.app"; sourceTree = BUILT_PRODUCTS_DIR; };
		1A3A8DF21E911B7F00B5119A /* AppDelegate.swift */ = {isa = PBXFileReference; lastKnownFileType = sourcecode.swift; path = AppDelegate.swift; sourceTree = "<group>"; };
		1A3A8DF41E911B7F00B5119A /* ViewController.swift */ = {isa = PBXFileReference; lastKnownFileType = sourcecode.swift; path = ViewController.swift; sourceTree = "<group>"; };
		1A3A8DF71E911B7F00B5119A /* Base */ = {isa = PBXFileReference; lastKnownFileType = file.storyboard; name = Base; path = Base.lproj/Main.storyboard; sourceTree = "<group>"; };
		1A3A8DF91E911B7F00B5119A /* Assets.xcassets */ = {isa = PBXFileReference; lastKnownFileType = folder.assetcatalog; path = Assets.xcassets; sourceTree = "<group>"; };
		1A3A8DFC1E911B7F00B5119A /* Base */ = {isa = PBXFileReference; lastKnownFileType = file.storyboard; name = Base; path = Base.lproj/LaunchScreen.storyboard; sourceTree = "<group>"; };
		1A3A8DFE1E911B7F00B5119A /* Info.plist */ = {isa = PBXFileReference; lastKnownFileType = text.plist.xml; path = Info.plist; sourceTree = "<group>"; };
/* End PBXFileReference section */

/* Begin PBXFrameworksBuildPhase section */
		1A3A8DEC1E911B7F00B5119A /* Frameworks */ = {
			isa = PBXFrameworksBuildPhase;
			buildActionMask = 2147483647;
			files = (
			);
			runOnlyForDeploymentPostprocessing = 0;
		};
/* End PBXFrameworksBuildPhase section */

/* Begin PBXGroup section */
		1A3A8DE61E911B7F00B5119A = {
			isa = PBXGroup;
			children = (
				1A3A8DF11E911B7F00B5119A /* Swift Statement */,
				1A3A8DF01E911B7F00B5119A /* Products */,
			);
			sourceTree = "<group>";
		};
		1A3A8DF01E911B7F00B5119A /* Products */ = {
			isa = PBXGroup;
			children = (
				1A3A8DEF1E911B7F00B5119A /* Swift Statement.app */,
			);
			name = Products;
			sourceTree = "<group>";
		};
		1A3A8DF11E911B7F00B5119A /* Swift Statement */ = {
			isa = PBXGroup;
			children = (
				1A3A8DF21E911B7F00B5119A /* AppDelegate.swift */,
				1A3A8DF41E911B7F00B5119A /* ViewController.swift */,
				1A378EA01E92073300528394 /* Person.swift */,
				1A3A8DF61E911B7F00B5119A /* Main.storyboard */,
				1A3A8DF91E911B7F00B5119A /* Assets.xcassets */,
				1A3A8DFB1E911B7F00B5119A /* LaunchScreen.storyboard */,
				1A3A8DFE1E911B7F00B5119A /* Info.plist */,
			);
			path = "Swift Statement";
			sourceTree = "<group>";
		};
/* End PBXGroup section */

/* Begin PBXNativeTarget section */
		1A3A8DEE1E911B7F00B5119A /* Swift Statement */ = {
			isa = PBXNativeTarget;
			buildConfigurationList = 1A3A8E011E911B7F00B5119A /* Build configuration list for PBXNativeTarget "Swift Statement" */;
			buildPhases = (
				1A3A8DEB1E911B7F00B5119A /* Sources */,
				1A3A8DEC1E911B7F00B5119A /* Frameworks */,
				1A3A8DED1E911B7F00B5119A /* Resources */,
			);
			buildRules = (
			);
			dependencies = (
			);
			name = "Swift Statement";
			productName = "Swift Statement";
			productReference = 1A3A8DEF1E911B7F00B5119A /* Swift Statement.app */;
			productType = "com.apple.product-type.application";
		};
/* End PBXNativeTarget section */

/* Begin PBXProject section */
		1A3A8DE71E911B7F00B5119A /* Project object */ = {
			isa = PBXProject;
			attributes = {
				LastSwiftUpdateCheck = 0820;
				LastUpgradeCheck = 0820;
				ORGANIZATIONNAME = SocererGroup;
				TargetAttributes = {
					1A3A8DEE1E911B7F00B5119A = {
						CreatedOnToolsVersion = 8.2.1;
						DevelopmentTeam = T9A27F8Q5D;
						ProvisioningStyle = Automatic;
					};
				};
			};
			buildConfigurationList = 1A3A8DEA1E911B7F00B5119A /* Build configuration list for PBXProject "Swift Statement" */;
			compatibilityVersion = "Xcode 3.2";
			developmentRegion = English;
			hasScannedForEncodings = 0;
			knownRegions = (
				en,
				Base,
			);
			mainGroup = 1A3A8DE61E911B7F00B5119A;
			productRefGroup = 1A3A8DF01E911B7F00B5119A /* Products */;
			projectDirPath = "";
			projectRoot = "";
			targets = (
				1A3A8DEE1E911B7F00B5119A /* Swift Statement */,
			);
		};
/* End PBXProject section */

/* Begin PBXResourcesBuildPhase section */
		1A3A8DED1E911B7F00B5119A /* Resources */ = {
			isa = PBXResourcesBuildPhase;
			buildActionMask = 2147483647;
			files = (
				1A3A8DFD1E911B7F00B5119A /* LaunchScreen.storyboard in Resources */,
				1A3A8DFA1E911B7F00B5119A /* Assets.xcassets in Resources */,
				1A3A8DF81E911B7F00B5119A /* Main.storyboard in Resources */,
			);
			runOnlyForDeploymentPostprocessing = 0;
		};
/* End PBXResourcesBuildPhase section */

/* Begin PBXSourcesBuildPhase section */
		1A3A8DEB1E911B7F00B5119A /* Sources */ = {
			isa = PBXSourcesBuildPhase;
			buildActionMask = 2147483647;
			files = (
				1A378EA11E92073300528394 /* Person.swift in Sources */,
				1A3A8DF51E911B7F00B5119A /* ViewController.swift in Sources */,
				1A3A8DF31E911B7F00B5119A /* AppDelegate.swift in Sources */,
			);
			runOnlyForDeploymentPostprocessing = 0;
		};
/* End PBXSourcesBuildPhase section */

/* Begin PBXVariantGroup section */
		1A3A8DF61E911B7F00B5119A /* Main.storyboard */ = {
			isa = PBXVariantGroup;
			children = (
				1A3A8DF71E911B7F00B5119A /* Base */,
			);
			name = Main.storyboard;
			sourceTree = "<group>";
		};
		1A3A8DFB1E911B7F00B5119A /* LaunchScreen.storyboard */ = {
			isa = PBXVariantGroup;
			children = (
				1A3A8DFC1E911B7F00B5119A /* Base */,
			);
			name = LaunchScreen.storyboard;
			sourceTree = "<group>";
		};
/* End PBXVariantGroup section */

/* Begin XCBuildConfiguration section */
		1A3A8DFF1E911B7F00B5119A /* Debug */ = {
			isa = XCBuildConfiguration;
			buildSettings = {
				ALWAYS_SEARCH_USER_PATHS = NO;
				CLANG_ANALYZER_NONNULL = YES;
				CLANG_CXX_LANGUAGE_STANDARD = "gnu++0x";
				CLANG_CXX_LIBRARY = "libc++";
				CLANG_ENABLE_MODULES = YES;
				CLANG_ENABLE_OBJC_ARC = YES;
				CLANG_WARN_BOOL_CONVERSION = YES;
				CLANG_WARN_CONSTANT_CONVERSION = YES;
				CLANG_WARN_DIRECT_OBJC_ISA_USAGE = YES_ERROR;
				CLANG_WARN_DOCUMENTATION_COMMENTS = YES;
				CLANG_WARN_EMPTY_BODY = YES;
				CLANG_WARN_ENUM_CONVERSION = YES;
				CLANG_WARN_INFINITE_RECURSION = YES;
				CLANG_WARN_INT_CONVERSION = YES;
				CLANG_WARN_OBJC_ROOT_CLASS = YES_ERROR;
				CLANG_WARN_SUSPICIOUS_MOVE = YES;
				CLANG_WARN_UNREACHABLE_CODE = YES;
				CLANG_WARN__DUPLICATE_METHOD_MATCH = YES;
				"CODE_SIGN_IDENTITY[sdk=iphoneos*]" = "iPhone Developer";
				COPY_PHASE_STRIP = NO;
				DEBUG_INFORMATION_FORMAT = dwarf;
				ENABLE_STRICT_OBJC_MSGSEND = YES;
				ENABLE_TESTABILITY = YES;
				GCC_C_LANGUAGE_STANDARD = gnu99;
				GCC_DYNAMIC_NO_PIC = NO;
				GCC_NO_COMMON_BLOCKS = YES;
				GCC_OPTIMIZATION_LEVEL = 0;
				GCC_PREPROCESSOR_DEFINITIONS = (
					"DEBUG=1",
					"$(inherited)",
				);
				GCC_WARN_64_TO_32_BIT_CONVERSION = YES;
				GCC_WARN_ABOUT_RETURN_TYPE = YES_ERROR;
				GCC_WARN_UNDECLARED_SELECTOR = YES;
				GCC_WARN_UNINITIALIZED_AUTOS = YES_AGGRESSIVE;
				GCC_WARN_UNUSED_FUNCTION = YES;
				GCC_WARN_UNUSED_VARIABLE = YES;
				IPHONEOS_DEPLOYMENT_TARGET = 10.2;
				MTL_ENABLE_DEBUG_INFO = YES;
				ONLY_ACTIVE_ARCH = YES;
				SDKROOT = iphoneos;
				SWIFT_ACTIVE_COMPILATION_CONDITIONS = DEBUG;
				SWIFT_OPTIMIZATION_LEVEL = "-Onone";
				TARGETED_DEVICE_FAMILY = "1,2";
			};
			name = Debug;
		};
		1A3A8E001E911B7F00B5119A /* Release */ = {
			isa = XCBuildConfiguration;
			buildSettings = {
				ALWAYS_SEARCH_USER_PATHS = NO;
				CLANG_ANALYZER_NONNULL = YES;
				CLANG_CXX_LANGUAGE_STANDARD = "gnu++0x";
				CLANG_CXX_LIBRARY = "libc++";
				CLANG_ENABLE_MODULES = YES;
				CLANG_ENABLE_OBJC_ARC = YES;
				CLANG_WARN_BOOL_CONVERSION = YES;
				CLANG_WARN_CONSTANT_CONVERSION = YES;
				CLANG_WARN_DIRECT_OBJC_ISA_USAGE = YES_ERROR;
				CLANG_WARN_DOCUMENTATION_COMMENTS = YES;
				CLANG_WARN_EMPTY_BODY = YES;
				CLANG_WARN_ENUM_CONVERSION = YES;
				CLANG_WARN_INFINITE_RECURSION = YES;
				CLANG_WARN_INT_CONVERSION = YES;
				CLANG_WARN_OBJC_ROOT_CLASS = YES_ERROR;
				CLANG_WARN_SUSPICIOUS_MOVE = YES;
				CLANG_WARN_UNREACHABLE_CODE = YES;
				CLANG_WARN__DUPLICATE_METHOD_MATCH = YES;
				"CODE_SIGN_IDENTITY[sdk=iphoneos*]" = "iPhone Developer";
				COPY_PHASE_STRIP = NO;
				DEBUG_INFORMATION_FORMAT = "dwarf-with-dsym";
				ENABLE_NS_ASSERTIONS = NO;
				ENABLE_STRICT_OBJC_MSGSEND = YES;
				GCC_C_LANGUAGE_STANDARD = gnu99;
				GCC_NO_COMMON_BLOCKS = YES;
				GCC_WARN_64_TO_32_BIT_CONVERSION = YES;
				GCC_WARN_ABOUT_RETURN_TYPE = YES_ERROR;
				GCC_WARN_UNDECLARED_SELECTOR = YES;
				GCC_WARN_UNINITIALIZED_AUTOS = YES_AGGRESSIVE;
				GCC_WARN_UNUSED_FUNCTION = YES;
				GCC_WARN_UNUSED_VARIABLE = YES;
				IPHONEOS_DEPLOYMENT_TARGET = 10.2;
				MTL_ENABLE_DEBUG_INFO = NO;
				SDKROOT = iphoneos;
				SWIFT_OPTIMIZATION_LEVEL = "-Owholemodule";
				TARGETED_DEVICE_FAMILY = "1,2";
				VALIDATE_PRODUCT = YES;
			};
			name = Release;
		};
		1A3A8E021E911B7F00B5119A /* Debug */ = {
			isa = XCBuildConfiguration;
			buildSettings = {
				ASSETCATALOG_COMPILER_APPICON_NAME = AppIcon;
				DEVELOPMENT_TEAM = T9A27F8Q5D;
				INFOPLIST_FILE = "Swift Statement/Info.plist";
				LD_RUNPATH_SEARCH_PATHS = "$(inherited) @executable_path/Frameworks";
				PRODUCT_BUNDLE_IDENTIFIER = "com.SocererGroup.Swift-Statement";
				PRODUCT_NAME = "$(TARGET_NAME)";
				SWIFT_VERSION = 3.0;
			};
			name = Debug;
		};
		1A3A8E031E911B7F00B5119A /* Release */ = {
			isa = XCBuildConfiguration;
			buildSettings = {
				ASSETCATALOG_COMPILER_APPICON_NAME = AppIcon;
				DEVELOPMENT_TEAM = T9A27F8Q5D;
				INFOPLIST_FILE = "Swift Statement/Info.plist";
				LD_RUNPATH_SEARCH_PATHS = "$(inherited) @executable_path/Frameworks";
				PRODUCT_BUNDLE_IDENTIFIER = "com.SocererGroup.Swift-Statement";
				PRODUCT_NAME = "$(TARGET_NAME)";
				SWIFT_VERSION = 3.0;
			};
			name = Release;
		};
/* End XCBuildConfiguration section */

/* Begin XCConfigurationList section */
		1A3A8DEA1E911B7F00B5119A /* Build configuration list for PBXProject "Swift Statement" */ = {
			isa = XCConfigurationList;
			buildConfigurations = (
				1A3A8DFF1E911B7F00B5119A /* Debug */,
				1A3A8E001E911B7F00B5119A /* Release */,
			);
			defaultConfigurationIsVisible = 0;
			defaultConfigurationName = Release;
		};
		1A3A8E011E911B7F00B5119A /* Build configuration list for PBXNativeTarget "Swift Statement" */ = {
			isa = XCConfigurationList;
			buildConfigurations = (
				1A3A8E021E911B7F00B5119A /* Debug */,
				1A3A8E031E911B7F00B5119A /* Release */,
			);
			defaultConfigurationIsVisible = 0;
			defaultConfigurationName = Release;
		};
/* End XCConfigurationList section */
	};
	rootObject = 1A3A8DE71E911B7F00B5119A /* Project object */;
}
